// !$*UTF8*$!
{
	archiveVersion = 1;
	classes = {
	};
	objectVersion = 56;
	objects = {

/* Begin PBXBuildFile section */
		415597D42BE454010043D197 /* AppDelegate.swift in Sources */ = {isa = PBXBuildFile; fileRef = 415597D32BE454010043D197 /* AppDelegate.swift */; };
		415597D62BE454010043D197 /* SceneDelegate.swift in Sources */ = {isa = PBXBuildFile; fileRef = 415597D52BE454010043D197 /* SceneDelegate.swift */; };
		415597D82BE454010043D197 /* CollegeListViewController.swift in Sources */ = {isa = PBXBuildFile; fileRef = 415597D72BE454010043D197 /* CollegeListViewController.swift */; };
		415597DB2BE454010043D197 /* Base in Resources */ = {isa = PBXBuildFile; fileRef = 415597DA2BE454010043D197 /* Base */; };
		415597DD2BE454010043D197 /* Assets.xcassets in Resources */ = {isa = PBXBuildFile; fileRef = 415597DC2BE454010043D197 /* Assets.xcassets */; };
		415597E02BE454010043D197 /* Base in Resources */ = {isa = PBXBuildFile; fileRef = 415597DF2BE454010043D197 /* Base */; };
		415597EB2BE454010043D197 /* CollegeListTests.swift in Sources */ = {isa = PBXBuildFile; fileRef = 415597EA2BE454010043D197 /* CollegeListTests.swift */; };
		4155980A2BE455750043D197 /* Config.swift in Sources */ = {isa = PBXBuildFile; fileRef = 415598032BE455750043D197 /* Config.swift */; };
		4155980B2BE455750043D197 /* HTTPMethod.swift in Sources */ = {isa = PBXBuildFile; fileRef = 415598042BE455750043D197 /* HTTPMethod.swift */; };
		4155980C2BE455750043D197 /* NetworkError.swift in Sources */ = {isa = PBXBuildFile; fileRef = 415598052BE455750043D197 /* NetworkError.swift */; };
		4155980D2BE455750043D197 /* NetworkService.swift in Sources */ = {isa = PBXBuildFile; fileRef = 415598062BE455750043D197 /* NetworkService.swift */; };
		4155980E2BE455750043D197 /* CollegesRouter.swift in Sources */ = {isa = PBXBuildFile; fileRef = 415598072BE455750043D197 /* CollegesRouter.swift */; };
		415598112BE458E50043D197 /* CollegeListService.swift in Sources */ = {isa = PBXBuildFile; fileRef = 415598102BE458E50043D197 /* CollegeListService.swift */; };
		415598152BE45A080043D197 /* College.swift in Sources */ = {isa = PBXBuildFile; fileRef = 415598142BE45A080043D197 /* College.swift */; };
		415598192BE45BCA0043D197 /* CollegeTableViewCell.swift in Sources */ = {isa = PBXBuildFile; fileRef = 415598172BE45BCA0043D197 /* CollegeTableViewCell.swift */; };
		4155981A2BE45BCA0043D197 /* CollegeTableViewCell.xib in Resources */ = {isa = PBXBuildFile; fileRef = 415598182BE45BCA0043D197 /* CollegeTableViewCell.xib */; };
		4155981D2BE45D410043D197 /* CollegeListInteractor.swift in Sources */ = {isa = PBXBuildFile; fileRef = 4155981C2BE45D410043D197 /* CollegeListInteractor.swift */; };
		4155981F2BE45F890043D197 /* CollegeViewModel.swift in Sources */ = {isa = PBXBuildFile; fileRef = 4155981E2BE45F890043D197 /* CollegeViewModel.swift */; };
		415598222BE464810043D197 /* UIView+Extension.swift in Sources */ = {isa = PBXBuildFile; fileRef = 415598212BE464810043D197 /* UIView+Extension.swift */; };
		415598272BE465F80043D197 /* CollegeDetailsViewController.swift in Sources */ = {isa = PBXBuildFile; fileRef = 415598262BE465F80043D197 /* CollegeDetailsViewController.swift */; };
		4155982A2BE4661E0043D197 /* CollegeDetailsInteractor.swift in Sources */ = {isa = PBXBuildFile; fileRef = 415598292BE4661E0043D197 /* CollegeDetailsInteractor.swift */; };
		415598312BE471430043D197 /* CollegeObject.swift in Sources */ = {isa = PBXBuildFile; fileRef = 415598302BE471430043D197 /* CollegeObject.swift */; };
		415598342BE4717E0043D197 /* CollegeStorageService.swift in Sources */ = {isa = PBXBuildFile; fileRef = 415598332BE4717E0043D197 /* CollegeStorageService.swift */; };
		415598372BE473C00043D197 /* RealmSwift in Frameworks */ = {isa = PBXBuildFile; productRef = 415598362BE473C00043D197 /* RealmSwift */; };
		4155983A2BE47A400043D197 /* CollegeRepository.swift in Sources */ = {isa = PBXBuildFile; fileRef = 415598392BE47A400043D197 /* CollegeRepository.swift */; };
		4155983D2BE50CCA0043D197 /* CollegeListPresenter.swift in Sources */ = {isa = PBXBuildFile; fileRef = 4155983C2BE50CCA0043D197 /* CollegeListPresenter.swift */; };
		415598402BE527190043D197 /* CollegeListRouter.swift in Sources */ = {isa = PBXBuildFile; fileRef = 4155983F2BE527190043D197 /* CollegeListRouter.swift */; };
		415598422BE52BD80043D197 /* CollegeListBuilder.swift in Sources */ = {isa = PBXBuildFile; fileRef = 415598412BE52BD80043D197 /* CollegeListBuilder.swift */; };
		415598452BE538B30043D197 /* CollegeDetailsPresenter.swift in Sources */ = {isa = PBXBuildFile; fileRef = 415598442BE538B30043D197 /* CollegeDetailsPresenter.swift */; };
/* End PBXBuildFile section */

/* Begin PBXContainerItemProxy section */
		415597E72BE454010043D197 /* PBXContainerItemProxy */ = {
			isa = PBXContainerItemProxy;
			containerPortal = 415597C82BE454000043D197 /* Project object */;
			proxyType = 1;
			remoteGlobalIDString = 415597CF2BE454010043D197;
			remoteInfo = CollegeList;
		};
/* End PBXContainerItemProxy section */

/* Begin PBXFileReference section */
		415597D02BE454010043D197 /* CollegeList.app */ = {isa = PBXFileReference; explicitFileType = wrapper.application; includeInIndex = 0; path = CollegeList.app; sourceTree = BUILT_PRODUCTS_DIR; };
		415597D32BE454010043D197 /* AppDelegate.swift */ = {isa = PBXFileReference; lastKnownFileType = sourcecode.swift; path = AppDelegate.swift; sourceTree = "<group>"; };
		415597D52BE454010043D197 /* SceneDelegate.swift */ = {isa = PBXFileReference; lastKnownFileType = sourcecode.swift; path = SceneDelegate.swift; sourceTree = "<group>"; };
		415597D72BE454010043D197 /* CollegeListViewController.swift */ = {isa = PBXFileReference; lastKnownFileType = sourcecode.swift; path = CollegeListViewController.swift; sourceTree = "<group>"; };
		415597DA2BE454010043D197 /* Base */ = {isa = PBXFileReference; lastKnownFileType = file.storyboard; name = Base; path = Base.lproj/Main.storyboard; sourceTree = "<group>"; };
		415597DC2BE454010043D197 /* Assets.xcassets */ = {isa = PBXFileReference; lastKnownFileType = folder.assetcatalog; path = Assets.xcassets; sourceTree = "<group>"; };
		415597DF2BE454010043D197 /* Base */ = {isa = PBXFileReference; lastKnownFileType = file.storyboard; name = Base; path = Base.lproj/LaunchScreen.storyboard; sourceTree = "<group>"; };
		415597E12BE454010043D197 /* Info.plist */ = {isa = PBXFileReference; lastKnownFileType = text.plist.xml; path = Info.plist; sourceTree = "<group>"; };
		415597E62BE454010043D197 /* CollegeListTests.xctest */ = {isa = PBXFileReference; explicitFileType = wrapper.cfbundle; includeInIndex = 0; path = CollegeListTests.xctest; sourceTree = BUILT_PRODUCTS_DIR; };
		415597EA2BE454010043D197 /* CollegeListTests.swift */ = {isa = PBXFileReference; lastKnownFileType = sourcecode.swift; path = CollegeListTests.swift; sourceTree = "<group>"; };
		415598032BE455750043D197 /* Config.swift */ = {isa = PBXFileReference; fileEncoding = 4; lastKnownFileType = sourcecode.swift; path = Config.swift; sourceTree = "<group>"; };
		415598042BE455750043D197 /* HTTPMethod.swift */ = {isa = PBXFileReference; fileEncoding = 4; lastKnownFileType = sourcecode.swift; path = HTTPMethod.swift; sourceTree = "<group>"; };
		415598052BE455750043D197 /* NetworkError.swift */ = {isa = PBXFileReference; fileEncoding = 4; lastKnownFileType = sourcecode.swift; path = NetworkError.swift; sourceTree = "<group>"; };
		415598062BE455750043D197 /* NetworkService.swift */ = {isa = PBXFileReference; fileEncoding = 4; lastKnownFileType = sourcecode.swift; path = NetworkService.swift; sourceTree = "<group>"; };
		415598072BE455750043D197 /* CollegesRouter.swift */ = {isa = PBXFileReference; fileEncoding = 4; lastKnownFileType = sourcecode.swift; path = CollegesRouter.swift; sourceTree = "<group>"; };
		415598102BE458E50043D197 /* CollegeListService.swift */ = {isa = PBXFileReference; lastKnownFileType = sourcecode.swift; path = CollegeListService.swift; sourceTree = "<group>"; };
		415598142BE45A080043D197 /* College.swift */ = {isa = PBXFileReference; lastKnownFileType = sourcecode.swift; path = College.swift; sourceTree = "<group>"; };
		415598172BE45BCA0043D197 /* CollegeTableViewCell.swift */ = {isa = PBXFileReference; lastKnownFileType = sourcecode.swift; path = CollegeTableViewCell.swift; sourceTree = "<group>"; };
		415598182BE45BCA0043D197 /* CollegeTableViewCell.xib */ = {isa = PBXFileReference; lastKnownFileType = file.xib; path = CollegeTableViewCell.xib; sourceTree = "<group>"; };
		4155981C2BE45D410043D197 /* CollegeListInteractor.swift */ = {isa = PBXFileReference; lastKnownFileType = sourcecode.swift; path = CollegeListInteractor.swift; sourceTree = "<group>"; };
		4155981E2BE45F890043D197 /* CollegeViewModel.swift */ = {isa = PBXFileReference; lastKnownFileType = sourcecode.swift; path = CollegeViewModel.swift; sourceTree = "<group>"; };
		415598212BE464810043D197 /* UIView+Extension.swift */ = {isa = PBXFileReference; lastKnownFileType = sourcecode.swift; path = "UIView+Extension.swift"; sourceTree = "<group>"; };
		415598262BE465F80043D197 /* CollegeDetailsViewController.swift */ = {isa = PBXFileReference; lastKnownFileType = sourcecode.swift; path = CollegeDetailsViewController.swift; sourceTree = "<group>"; };
		415598292BE4661E0043D197 /* CollegeDetailsInteractor.swift */ = {isa = PBXFileReference; lastKnownFileType = sourcecode.swift; path = CollegeDetailsInteractor.swift; sourceTree = "<group>"; };
		415598302BE471430043D197 /* CollegeObject.swift */ = {isa = PBXFileReference; lastKnownFileType = sourcecode.swift; path = CollegeObject.swift; sourceTree = "<group>"; };
		415598332BE4717E0043D197 /* CollegeStorageService.swift */ = {isa = PBXFileReference; lastKnownFileType = sourcecode.swift; path = CollegeStorageService.swift; sourceTree = "<group>"; };
		415598392BE47A400043D197 /* CollegeRepository.swift */ = {isa = PBXFileReference; lastKnownFileType = sourcecode.swift; path = CollegeRepository.swift; sourceTree = "<group>"; };
		4155983C2BE50CCA0043D197 /* CollegeListPresenter.swift */ = {isa = PBXFileReference; lastKnownFileType = sourcecode.swift; path = CollegeListPresenter.swift; sourceTree = "<group>"; };
		4155983F2BE527190043D197 /* CollegeListRouter.swift */ = {isa = PBXFileReference; lastKnownFileType = sourcecode.swift; path = CollegeListRouter.swift; sourceTree = "<group>"; };
		415598412BE52BD80043D197 /* CollegeListBuilder.swift */ = {isa = PBXFileReference; lastKnownFileType = sourcecode.swift; path = CollegeListBuilder.swift; sourceTree = "<group>"; };
		415598442BE538B30043D197 /* CollegeDetailsPresenter.swift */ = {isa = PBXFileReference; lastKnownFileType = sourcecode.swift; path = CollegeDetailsPresenter.swift; sourceTree = "<group>"; };
/* End PBXFileReference section */

/* Begin PBXFrameworksBuildPhase section */
		415597CD2BE454010043D197 /* Frameworks */ = {
			isa = PBXFrameworksBuildPhase;
			buildActionMask = 2147483647;
			files = (
				415598372BE473C00043D197 /* RealmSwift in Frameworks */,
			);
			runOnlyForDeploymentPostprocessing = 0;
		};
		415597E32BE454010043D197 /* Frameworks */ = {
			isa = PBXFrameworksBuildPhase;
			buildActionMask = 2147483647;
			files = (
			);
			runOnlyForDeploymentPostprocessing = 0;
		};
/* End PBXFrameworksBuildPhase section */

/* Begin PBXGroup section */
		415597C72BE454000043D197 = {
			isa = PBXGroup;
			children = (
				415597D22BE454010043D197 /* CollegeList */,
				415597E92BE454010043D197 /* CollegeListTests */,
				415597D12BE454010043D197 /* Products */,
			);
			sourceTree = "<group>";
		};
		415597D12BE454010043D197 /* Products */ = {
			isa = PBXGroup;
			children = (
				415597D02BE454010043D197 /* CollegeList.app */,
				415597E62BE454010043D197 /* CollegeListTests.xctest */,
			);
			name = Products;
			sourceTree = "<group>";
		};
		415597D22BE454010043D197 /* CollegeList */ = {
			isa = PBXGroup;
			children = (
				415598202BE464710043D197 /* Extensions */,
				415598132BE459590043D197 /* Models */,
				415597D32BE454010043D197 /* AppDelegate.swift */,
				415597D52BE454010043D197 /* SceneDelegate.swift */,
				415598122BE4593C0043D197 /* Scenes */,
				415598322BE471630043D197 /* Storage */,
				415598382BE47A090043D197 /* Repository */,
				415598092BE455750043D197 /* Network */,
				415597D92BE454010043D197 /* Main.storyboard */,
				415597DC2BE454010043D197 /* Assets.xcassets */,
				415597DE2BE454010043D197 /* LaunchScreen.storyboard */,
				415597E12BE454010043D197 /* Info.plist */,
				415598102BE458E50043D197 /* CollegeListService.swift */,
			);
			path = CollegeList;
			sourceTree = "<group>";
		};
		415597E92BE454010043D197 /* CollegeListTests */ = {
			isa = PBXGroup;
			children = (
				415597EA2BE454010043D197 /* CollegeListTests.swift */,
			);
			path = CollegeListTests;
			sourceTree = "<group>";
		};
		415598092BE455750043D197 /* Network */ = {
			isa = PBXGroup;
			children = (
				415598032BE455750043D197 /* Config.swift */,
				415598042BE455750043D197 /* HTTPMethod.swift */,
				415598052BE455750043D197 /* NetworkError.swift */,
				415598072BE455750043D197 /* CollegesRouter.swift */,
				415598062BE455750043D197 /* NetworkService.swift */,
			);
			path = Network;
			sourceTree = "<group>";
		};
		415598122BE4593C0043D197 /* Scenes */ = {
			isa = PBXGroup;
			children = (
				415598232BE465AB0043D197 /* CollegeList */,
				415598242BE465D20043D197 /* College Details */,
			);
			path = Scenes;
			sourceTree = "<group>";
		};
		415598132BE459590043D197 /* Models */ = {
			isa = PBXGroup;
			children = (
				415598142BE45A080043D197 /* College.swift */,
				415598302BE471430043D197 /* CollegeObject.swift */,
			);
			path = Models;
			sourceTree = "<group>";
		};
		415598162BE45BAC0043D197 /* View */ = {
			isa = PBXGroup;
			children = (
				415597D72BE454010043D197 /* CollegeListViewController.swift */,
				415598172BE45BCA0043D197 /* CollegeTableViewCell.swift */,
				415598182BE45BCA0043D197 /* CollegeTableViewCell.xib */,
			);
			path = View;
			sourceTree = "<group>";
		};
		4155981B2BE45D2C0043D197 /* Interactor */ = {
			isa = PBXGroup;
			children = (
				4155981C2BE45D410043D197 /* CollegeListInteractor.swift */,
				4155981E2BE45F890043D197 /* CollegeViewModel.swift */,
			);
			path = Interactor;
			sourceTree = "<group>";
		};
		415598202BE464710043D197 /* Extensions */ = {
			isa = PBXGroup;
			children = (
				415598212BE464810043D197 /* UIView+Extension.swift */,
			);
			path = Extensions;
			sourceTree = "<group>";
		};
		415598232BE465AB0043D197 /* CollegeList */ = {
			isa = PBXGroup;
			children = (
				4155983E2BE527000043D197 /* Router */,
				4155983B2BE50CA30043D197 /* Presenter */,
				4155981B2BE45D2C0043D197 /* Interactor */,
				415598162BE45BAC0043D197 /* View */,
			);
			path = CollegeList;
			sourceTree = "<group>";
		};
		415598242BE465D20043D197 /* College Details */ = {
			isa = PBXGroup;
			children = (
				415598432BE538A60043D197 /* Presenter */,
				415598282BE466030043D197 /* Interactor */,
				415598252BE465E00043D197 /* View */,
			);
			path = "College Details";
			sourceTree = "<group>";
		};
		415598252BE465E00043D197 /* View */ = {
			isa = PBXGroup;
			children = (
				415598262BE465F80043D197 /* CollegeDetailsViewController.swift */,
			);
			path = View;
			sourceTree = "<group>";
		};
		415598282BE466030043D197 /* Interactor */ = {
			isa = PBXGroup;
			children = (
				415598292BE4661E0043D197 /* CollegeDetailsInteractor.swift */,
			);
			path = Interactor;
			sourceTree = "<group>";
		};
		415598322BE471630043D197 /* Storage */ = {
			isa = PBXGroup;
			children = (
				415598332BE4717E0043D197 /* CollegeStorageService.swift */,
			);
			path = Storage;
			sourceTree = "<group>";
		};
		415598382BE47A090043D197 /* Repository */ = {
			isa = PBXGroup;
			children = (
				415598392BE47A400043D197 /* CollegeRepository.swift */,
			);
			path = Repository;
			sourceTree = "<group>";
		};
		4155983B2BE50CA30043D197 /* Presenter */ = {
			isa = PBXGroup;
			children = (
				4155983C2BE50CCA0043D197 /* CollegeListPresenter.swift */,
			);
			path = Presenter;
			sourceTree = "<group>";
		};
		4155983E2BE527000043D197 /* Router */ = {
			isa = PBXGroup;
			children = (
				4155983F2BE527190043D197 /* CollegeListRouter.swift */,
				415598412BE52BD80043D197 /* CollegeListBuilder.swift */,
			);
			path = Router;
			sourceTree = "<group>";
		};
		415598432BE538A60043D197 /* Presenter */ = {
			isa = PBXGroup;
			children = (
				415598442BE538B30043D197 /* CollegeDetailsPresenter.swift */,
			);
			path = Presenter;
			sourceTree = "<group>";
		};
/* End PBXGroup section */

/* Begin PBXNativeTarget section */
		415597CF2BE454010043D197 /* CollegeList */ = {
			isa = PBXNativeTarget;
			buildConfigurationList = 415597FA2BE454020043D197 /* Build configuration list for PBXNativeTarget "CollegeList" */;
			buildPhases = (
				415597CC2BE454010043D197 /* Sources */,
				415597CD2BE454010043D197 /* Frameworks */,
				415597CE2BE454010043D197 /* Resources */,
			);
			buildRules = (
			);
			dependencies = (
			);
			name = CollegeList;
			packageProductDependencies = (
				415598362BE473C00043D197 /* RealmSwift */,
			);
			productName = CollegeList;
			productReference = 415597D02BE454010043D197 /* CollegeList.app */;
			productType = "com.apple.product-type.application";
		};
		415597E52BE454010043D197 /* CollegeListTests */ = {
			isa = PBXNativeTarget;
			buildConfigurationList = 415597FD2BE454020043D197 /* Build configuration list for PBXNativeTarget "CollegeListTests" */;
			buildPhases = (
				415597E22BE454010043D197 /* Sources */,
				415597E32BE454010043D197 /* Frameworks */,
				415597E42BE454010043D197 /* Resources */,
			);
			buildRules = (
			);
			dependencies = (
				415597E82BE454010043D197 /* PBXTargetDependency */,
			);
			name = CollegeListTests;
			productName = CollegeListTests;
			productReference = 415597E62BE454010043D197 /* CollegeListTests.xctest */;
			productType = "com.apple.product-type.bundle.unit-test";
		};
/* End PBXNativeTarget section */

/* Begin PBXProject section */
		415597C82BE454000043D197 /* Project object */ = {
			isa = PBXProject;
			attributes = {
				BuildIndependentTargetsInParallel = 1;
				LastSwiftUpdateCheck = 1530;
				LastUpgradeCheck = 1530;
				TargetAttributes = {
					415597CF2BE454010043D197 = {
						CreatedOnToolsVersion = 15.3;
					};
					415597E52BE454010043D197 = {
						CreatedOnToolsVersion = 15.3;
						TestTargetID = 415597CF2BE454010043D197;
					};
				};
			};
			buildConfigurationList = 415597CB2BE454000043D197 /* Build configuration list for PBXProject "CollegeList" */;
			compatibilityVersion = "Xcode 14.0";
			developmentRegion = en;
			hasScannedForEncodings = 0;
			knownRegions = (
				en,
				Base,
			);
			mainGroup = 415597C72BE454000043D197;
			packageReferences = (
				415598352BE473C00043D197 /* XCRemoteSwiftPackageReference "realm-swift" */,
			);
			productRefGroup = 415597D12BE454010043D197 /* Products */;
			projectDirPath = "";
			projectRoot = "";
			targets = (
				415597CF2BE454010043D197 /* CollegeList */,
				415597E52BE454010043D197 /* CollegeListTests */,
			);
		};
/* End PBXProject section */

/* Begin PBXResourcesBuildPhase section */
		415597CE2BE454010043D197 /* Resources */ = {
			isa = PBXResourcesBuildPhase;
			buildActionMask = 2147483647;
			files = (
				415597DD2BE454010043D197 /* Assets.xcassets in Resources */,
				415597E02BE454010043D197 /* Base in Resources */,
				415597DB2BE454010043D197 /* Base in Resources */,
				4155981A2BE45BCA0043D197 /* CollegeTableViewCell.xib in Resources */,
			);
			runOnlyForDeploymentPostprocessing = 0;
		};
		415597E42BE454010043D197 /* Resources */ = {
			isa = PBXResourcesBuildPhase;
			buildActionMask = 2147483647;
			files = (
			);
			runOnlyForDeploymentPostprocessing = 0;
		};
/* End PBXResourcesBuildPhase section */

/* Begin PBXSourcesBuildPhase section */
		415597CC2BE454010043D197 /* Sources */ = {
			isa = PBXSourcesBuildPhase;
			buildActionMask = 2147483647;
			files = (
				4155981F2BE45F890043D197 /* CollegeViewModel.swift in Sources */,
				415597D82BE454010043D197 /* CollegeListViewController.swift in Sources */,
				4155980A2BE455750043D197 /* Config.swift in Sources */,
				415598192BE45BCA0043D197 /* CollegeTableViewCell.swift in Sources */,
				4155983D2BE50CCA0043D197 /* CollegeListPresenter.swift in Sources */,
				415597D42BE454010043D197 /* AppDelegate.swift in Sources */,
				415598402BE527190043D197 /* CollegeListRouter.swift in Sources */,
				415598452BE538B30043D197 /* CollegeDetailsPresenter.swift in Sources */,
				4155982A2BE4661E0043D197 /* CollegeDetailsInteractor.swift in Sources */,
				4155980C2BE455750043D197 /* NetworkError.swift in Sources */,
				415598422BE52BD80043D197 /* CollegeListBuilder.swift in Sources */,
				415598112BE458E50043D197 /* CollegeListService.swift in Sources */,
				415598312BE471430043D197 /* CollegeObject.swift in Sources */,
				4155983A2BE47A400043D197 /* CollegeRepository.swift in Sources */,
				4155980E2BE455750043D197 /* CollegesRouter.swift in Sources */,
				415598222BE464810043D197 /* UIView+Extension.swift in Sources */,
				4155980B2BE455750043D197 /* HTTPMethod.swift in Sources */,
				4155981D2BE45D410043D197 /* CollegeListInteractor.swift in Sources */,
				415597D62BE454010043D197 /* SceneDelegate.swift in Sources */,
				4155980D2BE455750043D197 /* NetworkService.swift in Sources */,
				415598152BE45A080043D197 /* College.swift in Sources */,
				415598272BE465F80043D197 /* CollegeDetailsViewController.swift in Sources */,
				415598342BE4717E0043D197 /* CollegeStorageService.swift in Sources */,
			);
			runOnlyForDeploymentPostprocessing = 0;
		};
		415597E22BE454010043D197 /* Sources */ = {
			isa = PBXSourcesBuildPhase;
			buildActionMask = 2147483647;
			files = (
				415597EB2BE454010043D197 /* CollegeListTests.swift in Sources */,
			);
			runOnlyForDeploymentPostprocessing = 0;
		};
/* End PBXSourcesBuildPhase section */

/* Begin PBXTargetDependency section */
		415597E82BE454010043D197 /* PBXTargetDependency */ = {
			isa = PBXTargetDependency;
			target = 415597CF2BE454010043D197 /* CollegeList */;
			targetProxy = 415597E72BE454010043D197 /* PBXContainerItemProxy */;
		};
/* End PBXTargetDependency section */

/* Begin PBXVariantGroup section */
		415597D92BE454010043D197 /* Main.storyboard */ = {
			isa = PBXVariantGroup;
			children = (
				415597DA2BE454010043D197 /* Base */,
			);
			name = Main.storyboard;
			sourceTree = "<group>";
		};
		415597DE2BE454010043D197 /* LaunchScreen.storyboard */ = {
			isa = PBXVariantGroup;
			children = (
				415597DF2BE454010043D197 /* Base */,
			);
			name = LaunchScreen.storyboard;
			sourceTree = "<group>";
		};
/* End PBXVariantGroup section */

/* Begin XCBuildConfiguration section */
		415597F82BE454020043D197 /* Debug */ = {
			isa = XCBuildConfiguration;
			buildSettings = {
				ALWAYS_SEARCH_USER_PATHS = NO;
				ASSETCATALOG_COMPILER_GENERATE_SWIFT_ASSET_SYMBOL_EXTENSIONS = YES;
				CLANG_ANALYZER_NONNULL = YES;
				CLANG_ANALYZER_NUMBER_OBJECT_CONVERSION = YES_AGGRESSIVE;
				CLANG_CXX_LANGUAGE_STANDARD = "gnu++20";
				CLANG_ENABLE_MODULES = YES;
				CLANG_ENABLE_OBJC_ARC = YES;
				CLANG_ENABLE_OBJC_WEAK = YES;
				CLANG_WARN_BLOCK_CAPTURE_AUTORELEASING = YES;
				CLANG_WARN_BOOL_CONVERSION = YES;
				CLANG_WARN_COMMA = YES;
				CLANG_WARN_CONSTANT_CONVERSION = YES;
				CLANG_WARN_DEPRECATED_OBJC_IMPLEMENTATIONS = YES;
				CLANG_WARN_DIRECT_OBJC_ISA_USAGE = YES_ERROR;
				CLANG_WARN_DOCUMENTATION_COMMENTS = YES;
				CLANG_WARN_EMPTY_BODY = YES;
				CLANG_WARN_ENUM_CONVERSION = YES;
				CLANG_WARN_INFINITE_RECURSION = YES;
				CLANG_WARN_INT_CONVERSION = YES;
				CLANG_WARN_NON_LITERAL_NULL_CONVERSION = YES;
				CLANG_WARN_OBJC_IMPLICIT_RETAIN_SELF = YES;
				CLANG_WARN_OBJC_LITERAL_CONVERSION = YES;
				CLANG_WARN_OBJC_ROOT_CLASS = YES_ERROR;
				CLANG_WARN_QUOTED_INCLUDE_IN_FRAMEWORK_HEADER = YES;
				CLANG_WARN_RANGE_LOOP_ANALYSIS = YES;
				CLANG_WARN_STRICT_PROTOTYPES = YES;
				CLANG_WARN_SUSPICIOUS_MOVE = YES;
				CLANG_WARN_UNGUARDED_AVAILABILITY = YES_AGGRESSIVE;
				CLANG_WARN_UNREACHABLE_CODE = YES;
				CLANG_WARN__DUPLICATE_METHOD_MATCH = YES;
				COPY_PHASE_STRIP = NO;
				DEBUG_INFORMATION_FORMAT = dwarf;
				ENABLE_STRICT_OBJC_MSGSEND = YES;
				ENABLE_TESTABILITY = YES;
				ENABLE_USER_SCRIPT_SANDBOXING = YES;
				GCC_C_LANGUAGE_STANDARD = gnu17;
				GCC_DYNAMIC_NO_PIC = NO;
				GCC_NO_COMMON_BLOCKS = YES;
				GCC_OPTIMIZATION_LEVEL = 0;
				GCC_PREPROCESSOR_DEFINITIONS = (
					"DEBUG=1",
					"$(inherited)",
				);
				GCC_WARN_64_TO_32_BIT_CONVERSION = YES;
				GCC_WARN_ABOUT_RETURN_TYPE = YES_ERROR;
				GCC_WARN_UNDECLARED_SELECTOR = YES;
				GCC_WARN_UNINITIALIZED_AUTOS = YES_AGGRESSIVE;
				GCC_WARN_UNUSED_FUNCTION = YES;
				GCC_WARN_UNUSED_VARIABLE = YES;
				IPHONEOS_DEPLOYMENT_TARGET = 17.4;
				LOCALIZATION_PREFERS_STRING_CATALOGS = YES;
				MTL_ENABLE_DEBUG_INFO = INCLUDE_SOURCE;
				MTL_FAST_MATH = YES;
				ONLY_ACTIVE_ARCH = YES;
				SDKROOT = iphoneos;
				SWIFT_ACTIVE_COMPILATION_CONDITIONS = "DEBUG $(inherited)";
				SWIFT_OPTIMIZATION_LEVEL = "-Onone";
			};
			name = Debug;
		};
		415597F92BE454020043D197 /* Release */ = {
			isa = XCBuildConfiguration;
			buildSettings = {
				ALWAYS_SEARCH_USER_PATHS = NO;
				ASSETCATALOG_COMPILER_GENERATE_SWIFT_ASSET_SYMBOL_EXTENSIONS = YES;
				CLANG_ANALYZER_NONNULL = YES;
				CLANG_ANALYZER_NUMBER_OBJECT_CONVERSION = YES_AGGRESSIVE;
				CLANG_CXX_LANGUAGE_STANDARD = "gnu++20";
				CLANG_ENABLE_MODULES = YES;
				CLANG_ENABLE_OBJC_ARC = YES;
				CLANG_ENABLE_OBJC_WEAK = YES;
				CLANG_WARN_BLOCK_CAPTURE_AUTORELEASING = YES;
				CLANG_WARN_BOOL_CONVERSION = YES;
				CLANG_WARN_COMMA = YES;
				CLANG_WARN_CONSTANT_CONVERSION = YES;
				CLANG_WARN_DEPRECATED_OBJC_IMPLEMENTATIONS = YES;
				CLANG_WARN_DIRECT_OBJC_ISA_USAGE = YES_ERROR;
				CLANG_WARN_DOCUMENTATION_COMMENTS = YES;
				CLANG_WARN_EMPTY_BODY = YES;
				CLANG_WARN_ENUM_CONVERSION = YES;
				CLANG_WARN_INFINITE_RECURSION = YES;
				CLANG_WARN_INT_CONVERSION = YES;
				CLANG_WARN_NON_LITERAL_NULL_CONVERSION = YES;
				CLANG_WARN_OBJC_IMPLICIT_RETAIN_SELF = YES;
				CLANG_WARN_OBJC_LITERAL_CONVERSION = YES;
				CLANG_WARN_OBJC_ROOT_CLASS = YES_ERROR;
				CLANG_WARN_QUOTED_INCLUDE_IN_FRAMEWORK_HEADER = YES;
				CLANG_WARN_RANGE_LOOP_ANALYSIS = YES;
				CLANG_WARN_STRICT_PROTOTYPES = YES;
				CLANG_WARN_SUSPICIOUS_MOVE = YES;
				CLANG_WARN_UNGUARDED_AVAILABILITY = YES_AGGRESSIVE;
				CLANG_WARN_UNREACHABLE_CODE = YES;
				CLANG_WARN__DUPLICATE_METHOD_MATCH = YES;
				COPY_PHASE_STRIP = NO;
				DEBUG_INFORMATION_FORMAT = "dwarf-with-dsym";
				ENABLE_NS_ASSERTIONS = NO;
				ENABLE_STRICT_OBJC_MSGSEND = YES;
				ENABLE_USER_SCRIPT_SANDBOXING = YES;
				GCC_C_LANGUAGE_STANDARD = gnu17;
				GCC_NO_COMMON_BLOCKS = YES;
				GCC_WARN_64_TO_32_BIT_CONVERSION = YES;
				GCC_WARN_ABOUT_RETURN_TYPE = YES_ERROR;
				GCC_WARN_UNDECLARED_SELECTOR = YES;
				GCC_WARN_UNINITIALIZED_AUTOS = YES_AGGRESSIVE;
				GCC_WARN_UNUSED_FUNCTION = YES;
				GCC_WARN_UNUSED_VARIABLE = YES;
				IPHONEOS_DEPLOYMENT_TARGET = 17.4;
				LOCALIZATION_PREFERS_STRING_CATALOGS = YES;
				MTL_ENABLE_DEBUG_INFO = NO;
				MTL_FAST_MATH = YES;
				SDKROOT = iphoneos;
				SWIFT_COMPILATION_MODE = wholemodule;
				VALIDATE_PRODUCT = YES;
			};
			name = Release;
		};
		415597FB2BE454020043D197 /* Debug */ = {
			isa = XCBuildConfiguration;
			buildSettings = {
				ASSETCATALOG_COMPILER_APPICON_NAME = AppIcon;
				ASSETCATALOG_COMPILER_GLOBAL_ACCENT_COLOR_NAME = AccentColor;
				CODE_SIGN_STYLE = Automatic;
				CURRENT_PROJECT_VERSION = 1;
				GENERATE_INFOPLIST_FILE = YES;
				INFOPLIST_FILE = CollegeList/Info.plist;
				INFOPLIST_KEY_UIApplicationSupportsIndirectInputEvents = YES;
				INFOPLIST_KEY_UILaunchStoryboardName = LaunchScreen;
				INFOPLIST_KEY_UIMainStoryboardFile = Main;
				INFOPLIST_KEY_UISupportedInterfaceOrientations = UIInterfaceOrientationPortrait;
				LD_RUNPATH_SEARCH_PATHS = (
					"$(inherited)",
					"@executable_path/Frameworks",
				);
				MARKETING_VERSION = 1.0;
				PRODUCT_BUNDLE_IDENTIFIER = com.mag.CollegeList;
				PRODUCT_NAME = "$(TARGET_NAME)";
				SWIFT_EMIT_LOC_STRINGS = YES;
				SWIFT_VERSION = 5.0;
				TARGETED_DEVICE_FAMILY = "1,2";
			};
			name = Debug;
		};
		415597FC2BE454020043D197 /* Release */ = {
			isa = XCBuildConfiguration;
			buildSettings = {
				ASSETCATALOG_COMPILER_APPICON_NAME = AppIcon;
				ASSETCATALOG_COMPILER_GLOBAL_ACCENT_COLOR_NAME = AccentColor;
				CODE_SIGN_STYLE = Automatic;
				CURRENT_PROJECT_VERSION = 1;
				GENERATE_INFOPLIST_FILE = YES;
				INFOPLIST_FILE = CollegeList/Info.plist;
				INFOPLIST_KEY_UIApplicationSupportsIndirectInputEvents = YES;
				INFOPLIST_KEY_UILaunchStoryboardName = LaunchScreen;
				INFOPLIST_KEY_UIMainStoryboardFile = Main;
				INFOPLIST_KEY_UISupportedInterfaceOrientations = UIInterfaceOrientationPortrait;
				LD_RUNPATH_SEARCH_PATHS = (
					"$(inherited)",
					"@executable_path/Frameworks",
				);
				MARKETING_VERSION = 1.0;
				PRODUCT_BUNDLE_IDENTIFIER = com.mag.CollegeList;
				PRODUCT_NAME = "$(TARGET_NAME)";
				SWIFT_EMIT_LOC_STRINGS = YES;
				SWIFT_VERSION = 5.0;
				TARGETED_DEVICE_FAMILY = "1,2";
			};
			name = Release;
		};
		415597FE2BE454020043D197 /* Debug */ = {
			isa = XCBuildConfiguration;
			buildSettings = {
				ALWAYS_EMBED_SWIFT_STANDARD_LIBRARIES = YES;
				BUNDLE_LOADER = "$(TEST_HOST)";
				CODE_SIGN_STYLE = Automatic;
				CURRENT_PROJECT_VERSION = 1;
				GENERATE_INFOPLIST_FILE = YES;
				IPHONEOS_DEPLOYMENT_TARGET = 17.4;
				MARKETING_VERSION = 1.0;
				PRODUCT_BUNDLE_IDENTIFIER = com.mag.CollegeListTests;
				PRODUCT_NAME = "$(TARGET_NAME)";
				SWIFT_EMIT_LOC_STRINGS = NO;
				SWIFT_VERSION = 5.0;
				TARGETED_DEVICE_FAMILY = "1,2";
				TEST_HOST = "$(BUILT_PRODUCTS_DIR)/CollegeList.app/$(BUNDLE_EXECUTABLE_FOLDER_PATH)/CollegeList";
			};
			name = Debug;
		};
		415597FF2BE454020043D197 /* Release */ = {
			isa = XCBuildConfiguration;
			buildSettings = {
				ALWAYS_EMBED_SWIFT_STANDARD_LIBRARIES = YES;
				BUNDLE_LOADER = "$(TEST_HOST)";
				CODE_SIGN_STYLE = Automatic;
				CURRENT_PROJECT_VERSION = 1;
				GENERATE_INFOPLIST_FILE = YES;
				IPHONEOS_DEPLOYMENT_TARGET = 17.4;
				MARKETING_VERSION = 1.0;
				PRODUCT_BUNDLE_IDENTIFIER = com.mag.CollegeListTests;
				PRODUCT_NAME = "$(TARGET_NAME)";
				SWIFT_EMIT_LOC_STRINGS = NO;
				SWIFT_VERSION = 5.0;
				TARGETED_DEVICE_FAMILY = "1,2";
				TEST_HOST = "$(BUILT_PRODUCTS_DIR)/CollegeList.app/$(BUNDLE_EXECUTABLE_FOLDER_PATH)/CollegeList";
			};
			name = Release;
		};
/* End XCBuildConfiguration section */

/* Begin XCConfigurationList section */
		415597CB2BE454000043D197 /* Build configuration list for PBXProject "CollegeList" */ = {
			isa = XCConfigurationList;
			buildConfigurations = (
				415597F82BE454020043D197 /* Debug */,
				415597F92BE454020043D197 /* Release */,
			);
			defaultConfigurationIsVisible = 0;
			defaultConfigurationName = Release;
		};
		415597FA2BE454020043D197 /* Build configuration list for PBXNativeTarget "CollegeList" */ = {
			isa = XCConfigurationList;
			buildConfigurations = (
				415597FB2BE454020043D197 /* Debug */,
				415597FC2BE454020043D197 /* Release */,
			);
			defaultConfigurationIsVisible = 0;
			defaultConfigurationName = Release;
		};
		415597FD2BE454020043D197 /* Build configuration list for PBXNativeTarget "CollegeListTests" */ = {
			isa = XCConfigurationList;
			buildConfigurations = (
				415597FE2BE454020043D197 /* Debug */,
				415597FF2BE454020043D197 /* Release */,
			);
			defaultConfigurationIsVisible = 0;
			defaultConfigurationName = Release;
		};
/* End XCConfigurationList section */

/* Begin XCRemoteSwiftPackageReference section */
		415598352BE473C00043D197 /* XCRemoteSwiftPackageReference "realm-swift" */ = {
			isa = XCRemoteSwiftPackageReference;
			repositoryURL = "https://github.com/realm/realm-swift.git";
			requirement = {
				branch = master;
				kind = branch;
			};
		};
/* End XCRemoteSwiftPackageReference section */

/* Begin XCSwiftPackageProductDependency section */
		415598362BE473C00043D197 /* RealmSwift */ = {
			isa = XCSwiftPackageProductDependency;
			package = 415598352BE473C00043D197 /* XCRemoteSwiftPackageReference "realm-swift" */;
			productName = RealmSwift;
		};
/* End XCSwiftPackageProductDependency section */
	};
	rootObject = 415597C82BE454000043D197 /* Project object */;
}
